dependencies:
  rollup: 2.42.3
lockfileVersion: 5.2
packages:
  /fsevents/2.3.2:
    dev: false
    engines:
      node: ^8.16.0 || ^10.6.0 || >=11.0.0
    optional: true
    os:
      - darwin
    resolution:
      integrity: sha512-xiqMQR4xAeHTuB9uWm+fFRcIOgKBMiOBP+eXiyT7jsgVCq1bkVygt00oASowB7EdtpOHaaPgKt812P9ab+DDKA==
  /rollup/2.42.3:
    dev: false
    engines:
      node: '>=10.0.0'
    hasBin: true
    optionalDependencies:
      fsevents: 2.3.2
    resolution:
      integrity: sha512-JjaT9WaUS5vmjy6xUrnPOskjkQg2cN4WSACNCwbOvBz8VDmbiKVdmTFUoMPRqTud0tsex8Xy9/boLbDW9HKD1w==
specifiers:
  rollup: ^2.42.3
